
Microsoft Visual Studio Solution File, Format Version 12.00
# Visual Studio 15
VisualStudioVersion = 15.0.28010.2046
MinimumVisualStudioVersion = 10.0.40219.1
Project("{9A19103F-16F7-4668-BE54-9A1E7A4F7556}") = "AngularWebApp.Web", "AngularWebApp.Web\AngularWebApp.Web.csproj", "{9DA371E7-30C4-4AF9-ABD5-4C6DAAF991D4}"
EndProject
Project("{9A19103F-16F7-4668-BE54-9A1E7A4F7556}") = "AngularWebApp.Infrastructure", "AngularWebApp.Infrastructure\AngularWebApp.Infrastructure.csproj", "{3ED715E0-A9EE-4EF9-B686-23AB746F4FF9}"
EndProject
Project("{9A19103F-16F7-4668-BE54-9A1E7A4F7556}") = "AngularWebApp.Infrastructure.Web", "AngularWebApp.Infrastructure.Web\AngularWebApp.Infrastructure.Web.csproj", "{BAEF9DD2-B0BD-461A-B650-CE262A4AA5D5}"
EndProject
Project("{FAE04EC0-301F-11D3-BF4B-00C04F79EFBC}") = "AngularWebApp.Backend", "AngularWebApp.Backend\AngularWebApp.Backend.csproj", "{02BE8EB5-11FB-4EC9-82D8-A6495591617F}"
EndProject
Global
	GlobalSection(SolutionConfigurationPlatforms) = preSolution
		Debug|Any CPU = Debug|Any CPU
		Release|Any CPU = Release|Any CPU
	EndGlobalSection
	GlobalSection(ProjectConfigurationPlatforms) = postSolution
		{9DA371E7-30C4-4AF9-ABD5-4C6DAAF991D4}.Debug|Any CPU.ActiveCfg = Debug|Any CPU
		{9DA371E7-30C4-4AF9-ABD5-4C6DAAF991D4}.Debug|Any CPU.Build.0 = Debug|Any CPU
		{9DA371E7-30C4-4AF9-ABD5-4C6DAAF991D4}.Release|Any CPU.ActiveCfg = Release|Any CPU
		{9DA371E7-30C4-4AF9-ABD5-4C6DAAF991D4}.Release|Any CPU.Build.0 = Release|Any CPU
		{3ED715E0-A9EE-4EF9-B686-23AB746F4FF9}.Debug|Any CPU.ActiveCfg = Debug|Any CPU
		{3ED715E0-A9EE-4EF9-B686-23AB746F4FF9}.Debug|Any CPU.Build.0 = Debug|Any CPU
		{3ED715E0-A9EE-4EF9-B686-23AB746F4FF9}.Release|Any CPU.ActiveCfg = Release|Any CPU
		{3ED715E0-A9EE-4EF9-B686-23AB746F4FF9}.Release|Any CPU.Build.0 = Release|Any CPU
		{BAEF9DD2-B0BD-461A-B650-CE262A4AA5D5}.Debug|Any CPU.ActiveCfg = Debug|Any CPU
		{BAEF9DD2-B0BD-461A-B650-CE262A4AA5D5}.Debug|Any CPU.Build.0 = Debug|Any CPU
		{BAEF9DD2-B0BD-461A-B650-CE262A4AA5D5}.Release|Any CPU.ActiveCfg = Release|Any CPU
		{BAEF9DD2-B0BD-461A-B650-CE262A4AA5D5}.Release|Any CPU.Build.0 = Release|Any CPU
		{02BE8EB5-11FB-4EC9-82D8-A6495591617F}.Debug|Any CPU.ActiveCfg = Debug|Any CPU
		{02BE8EB5-11FB-4EC9-82D8-A6495591617F}.Debug|Any CPU.Build.0 = Debug|Any CPU
		{02BE8EB5-11FB-4EC9-82D8-A6495591617F}.Release|Any CPU.ActiveCfg = Release|Any CPU
		{02BE8EB5-11FB-4EC9-82D8-A6495591617F}.Release|Any CPU.Build.0 = Release|Any CPU
	EndGlobalSection
	GlobalSection(SolutionProperties) = preSolution
		HideSolutionNode = FALSE
	EndGlobalSection
	GlobalSection(ExtensibilityGlobals) = postSolution
		SolutionGuid = {B96A57BC-1DA6-4825-BFCA-B358442F88EA}
	EndGlobalSection
EndGlobal
